
Microsoft Visual Studio Solution File, Format Version 12.00
# Visual Studio Version 17
VisualStudioVersion = 17.13.35931.197 d17.13
MinimumVisualStudioVersion = 10.0.40219.1
Project("{FAE04EC0-301F-11D3-BF4B-00C04F79EFBC}") = "MagicVilla_VillaAPI", "MagicVilla_VillaAPI\MagicVilla_VillaAPI.csproj", "{08F7DCCA-6BD2-4DDE-A2B1-7151B4518CA3}"
EndProject
Global
	GlobalSection(SolutionConfigurationPlatforms) = preSolution
		Debug|Any CPU = Debug|Any CPU
		Release|Any CPU = Release|Any CPU
	EndGlobalSection
	GlobalSection(ProjectConfigurationPlatforms) = postSolution
		{08F7DCCA-6BD2-4DDE-A2B1-7151B4518CA3}.Debug|Any CPU.ActiveCfg = Debug|Any CPU
		{08F7DCCA-6BD2-4DDE-A2B1-7151B4518CA3}.Debug|Any CPU.Build.0 = Debug|Any CPU
		{08F7DCCA-6BD2-4DDE-A2B1-7151B4518CA3}.Release|Any CPU.ActiveCfg = Release|Any CPU
		{08F7DCCA-6BD2-4DDE-A2B1-7151B4518CA3}.Release|Any CPU.Build.0 = Release|Any CPU
	EndGlobalSection
	GlobalSection(SolutionProperties) = preSolution
		HideSolutionNode = FALSE
	EndGlobalSection
	GlobalSection(ExtensibilityGlobals) = postSolution
		SolutionGuid = {7C50EF9A-4AA7-4531-B2E5-EC5E9AE39E10}
	EndGlobalSection
EndGlobal
